
Microsoft Visual Studio Solution File, Format Version 12.00
# Visual Studio Version 17
VisualStudioVersion = 17.14.36511.14
MinimumVisualStudioVersion = 10.0.40219.1
Project("{FAE04EC0-301F-11D3-BF4B-00C04F79EFBC}") = "MarketScanner", "MarketScanner.csproj", "{B7D135E3-97CC-495E-A49B-9AAF48A972A6}"
EndProject
Project("{FAE04EC0-301F-11D3-BF4B-00C04F79EFBC}") = "MarketScanner.NewsScoring.Api", "..\MarketScanner.NewsScoring.Api\MarketScanner.NewsScoring.Api.csproj", "{A613D91A-7C63-4977-A622-A115D8232E93}"
EndProject
Global
	GlobalSection(SolutionConfigurationPlatforms) = preSolution
		Debug|Any CPU = Debug|Any CPU
		Debug|x64 = Debug|x64
		Release|Any CPU = Release|Any CPU
		Release|x64 = Release|x64
	EndGlobalSection
	GlobalSection(ProjectConfigurationPlatforms) = postSolution
		{B7D135E3-97CC-495E-A49B-9AAF48A972A6}.Debug|Any CPU.ActiveCfg = Debug|Any CPU
		{B7D135E3-97CC-495E-A49B-9AAF48A972A6}.Debug|Any CPU.Build.0 = Debug|Any CPU
		{B7D135E3-97CC-495E-A49B-9AAF48A972A6}.Debug|Any CPU.Deploy.0 = Debug|Any CPU
		{B7D135E3-97CC-495E-A49B-9AAF48A972A6}.Debug|x64.ActiveCfg = Debug|x64
		{B7D135E3-97CC-495E-A49B-9AAF48A972A6}.Debug|x64.Build.0 = Debug|x64
		{B7D135E3-97CC-495E-A49B-9AAF48A972A6}.Debug|x64.Deploy.0 = Debug|x64
		{B7D135E3-97CC-495E-A49B-9AAF48A972A6}.Release|Any CPU.ActiveCfg = Release|Any CPU
		{B7D135E3-97CC-495E-A49B-9AAF48A972A6}.Release|Any CPU.Build.0 = Release|Any CPU
		{B7D135E3-97CC-495E-A49B-9AAF48A972A6}.Release|Any CPU.Deploy.0 = Release|Any CPU
		{B7D135E3-97CC-495E-A49B-9AAF48A972A6}.Release|x64.ActiveCfg = Release|x64
		{B7D135E3-97CC-495E-A49B-9AAF48A972A6}.Release|x64.Build.0 = Release|x64
		{B7D135E3-97CC-495E-A49B-9AAF48A972A6}.Release|x64.Deploy.0 = Release|x64
		{A613D91A-7C63-4977-A622-A115D8232E93}.Debug|Any CPU.ActiveCfg = Debug|Any CPU
		{A613D91A-7C63-4977-A622-A115D8232E93}.Debug|Any CPU.Build.0 = Debug|Any CPU
		{A613D91A-7C63-4977-A622-A115D8232E93}.Debug|x64.ActiveCfg = Debug|Any CPU
		{A613D91A-7C63-4977-A622-A115D8232E93}.Debug|x64.Build.0 = Debug|Any CPU
		{A613D91A-7C63-4977-A622-A115D8232E93}.Release|Any CPU.ActiveCfg = Release|Any CPU
		{A613D91A-7C63-4977-A622-A115D8232E93}.Release|Any CPU.Build.0 = Release|Any CPU
		{A613D91A-7C63-4977-A622-A115D8232E93}.Release|x64.ActiveCfg = Release|Any CPU
		{A613D91A-7C63-4977-A622-A115D8232E93}.Release|x64.Build.0 = Release|Any CPU
	EndGlobalSection
	GlobalSection(SolutionProperties) = preSolution
		HideSolutionNode = FALSE
	EndGlobalSection
	GlobalSection(ExtensibilityGlobals) = postSolution
		SolutionGuid = {8F96CD84-B99E-41CA-9681-256CD095401D}
	EndGlobalSection
EndGlobal
